
Microsoft Visual Studio Solution File, Format Version 12.00
# Visual Studio Version 16
VisualStudioVersion = 16.0.29411.108
MinimumVisualStudioVersion = 10.0.40219.1
Project("{FAE04EC0-301F-11D3-BF4B-00C04F79EFBC}") = "WebAPI_MSGraphConnect", "WebAPI_MSGraphConnect.csproj", "{7B66871D-C63C-48F3-B641-B441FBD69DA0}"
EndProject
Global
	GlobalSection(SolutionConfigurationPlatforms) = preSolution
		Debug|Any CPU = Debug|Any CPU
		Release|Any CPU = Release|Any CPU
	EndGlobalSection
	GlobalSection(ProjectConfigurationPlatforms) = postSolution
		{7B66871D-C63C-48F3-B641-B441FBD69DA0}.Debug|Any CPU.ActiveCfg = Debug|Any CPU
		{7B66871D-C63C-48F3-B641-B441FBD69DA0}.Debug|Any CPU.Build.0 = Debug|Any CPU
		{7B66871D-C63C-48F3-B641-B441FBD69DA0}.Release|Any CPU.ActiveCfg = Release|Any CPU
		{7B66871D-C63C-48F3-B641-B441FBD69DA0}.Release|Any CPU.Build.0 = Release|Any CPU
	EndGlobalSection
	GlobalSection(SolutionProperties) = preSolution
		HideSolutionNode = FALSE
	EndGlobalSection
	GlobalSection(ExtensibilityGlobals) = postSolution
		SolutionGuid = {9B039CF3-7262-4DFF-B05B-C94128400391}
	EndGlobalSection
EndGlobal
